
Microsoft Visual Studio Solution File, Format Version 12.00
# Visual Studio Version 16
VisualStudioVersion = 16.0.31410.357
MinimumVisualStudioVersion = 10.0.40219.1
Project("{FAE04EC0-301F-11D3-BF4B-00C04F79EFBC}") = "IdDetail", "IdDetail\IdDetail.csproj", "{80B5AE94-63AD-4869-87D5-25C6A92B5F51}"
EndProject
Global
	GlobalSection(SolutionConfigurationPlatforms) = preSolution
		Debug|Any CPU = Debug|Any CPU
		Release|Any CPU = Release|Any CPU
	EndGlobalSection
	GlobalSection(ProjectConfigurationPlatforms) = postSolution
		{80B5AE94-63AD-4869-87D5-25C6A92B5F51}.Debug|Any CPU.ActiveCfg = Debug|Any CPU
		{80B5AE94-63AD-4869-87D5-25C6A92B5F51}.Debug|Any CPU.Build.0 = Debug|Any CPU
		{80B5AE94-63AD-4869-87D5-25C6A92B5F51}.Release|Any CPU.ActiveCfg = Release|Any CPU
		{80B5AE94-63AD-4869-87D5-25C6A92B5F51}.Release|Any CPU.Build.0 = Release|Any CPU
	EndGlobalSection
	GlobalSection(SolutionProperties) = preSolution
		HideSolutionNode = FALSE
	EndGlobalSection
	GlobalSection(ExtensibilityGlobals) = postSolution
		SolutionGuid = {FDF19C25-4F2E-4EBB-880E-6E20A8BBD3DE}
	EndGlobalSection
EndGlobal
