
Microsoft Visual Studio Solution File, Format Version 12.00
# Visual Studio Version 16
VisualStudioVersion = 16.0.31410.357
MinimumVisualStudioVersion = 10.0.40219.1
Project("{FAE04EC0-301F-11D3-BF4B-00C04F79EFBC}") = "IdCardDetail", "IdCardDetail\IdCardDetail.csproj", "{AC8E3CD8-407C-4C0C-8047-F9F143489921}"
EndProject
Global
	GlobalSection(SolutionConfigurationPlatforms) = preSolution
		Debug|Any CPU = Debug|Any CPU
		Release|Any CPU = Release|Any CPU
	EndGlobalSection
	GlobalSection(ProjectConfigurationPlatforms) = postSolution
		{AC8E3CD8-407C-4C0C-8047-F9F143489921}.Debug|Any CPU.ActiveCfg = Debug|Any CPU
		{AC8E3CD8-407C-4C0C-8047-F9F143489921}.Debug|Any CPU.Build.0 = Debug|Any CPU
		{AC8E3CD8-407C-4C0C-8047-F9F143489921}.Release|Any CPU.ActiveCfg = Release|Any CPU
		{AC8E3CD8-407C-4C0C-8047-F9F143489921}.Release|Any CPU.Build.0 = Release|Any CPU
	EndGlobalSection
	GlobalSection(SolutionProperties) = preSolution
		HideSolutionNode = FALSE
	EndGlobalSection
	GlobalSection(ExtensibilityGlobals) = postSolution
		SolutionGuid = {FE715766-467B-407F-BD96-D8E48907D545}
	EndGlobalSection
EndGlobal
